<Solution>
  <Folder Name="/src/">
    <Project Path="src/OrgNet.Api/OrgNet.Api.csproj" />
    <Project Path="src/OrgNet.Desktop/OrgNet.Desktop.csproj" />
    <Project Path="src/OrgNet.Domain/OrgNet.Domain.csproj" />
    <Project Path="src/OrgNet.Infrastructure/OrgNet.Infrastructure.csproj" />
    <Project Path="src/OrgNet.Shared/OrgNet.Shared.csproj" />
  </Folder>
</Solution>
